// !$*UTF8*$!
{
	archiveVersion = 1;
	classes = {
	};
	objectVersion = 46;
	objects = {

/* Begin PBXAggregateTarget section */
		"BluenetShared::BluenetSharedPackageTests::ProductTarget" /* BluenetSharedPackageTests */ = {
			isa = PBXAggregateTarget;
			buildConfigurationList = OBJ_36 /* Build configuration list for PBXAggregateTarget "BluenetSharedPackageTests" */;
			buildPhases = (
			);
			dependencies = (
				OBJ_39 /* PBXTargetDependency */,
			);
			name = BluenetSharedPackageTests;
			productName = BluenetSharedPackageTests;
		};
/* End PBXAggregateTarget section */

/* Begin PBXBuildFile section */
		OBJ_26 /* Logging.swift in Sources */ = {isa = PBXBuildFile; fileRef = OBJ_10 /* Logging.swift */; };
		OBJ_27 /* protocols.swift in Sources */ = {isa = PBXBuildFile; fileRef = OBJ_11 /* protocols.swift */; };
		OBJ_34 /* Package.swift in Sources */ = {isa = PBXBuildFile; fileRef = OBJ_6 /* Package.swift */; };
		OBJ_45 /* XCTestManifests.swift in Sources */ = {isa = PBXBuildFile; fileRef = OBJ_14 /* XCTestManifests.swift */; };
		OBJ_46 /* bluenet_ios_sharedTests.swift in Sources */ = {isa = PBXBuildFile; fileRef = OBJ_15 /* bluenet_ios_sharedTests.swift */; };
		OBJ_48 /* BluenetShared.framework in Frameworks */ = {isa = PBXBuildFile; fileRef = "BluenetShared::BluenetShared::Product" /* BluenetShared.framework */; };
/* End PBXBuildFile section */

/* Begin PBXContainerItemProxy section */
		FAB813CB25B9B8FD00F667BC /* PBXContainerItemProxy */ = {
			isa = PBXContainerItemProxy;
			containerPortal = OBJ_1 /* Project object */;
			proxyType = 1;
			remoteGlobalIDString = "BluenetShared::BluenetShared";
			remoteInfo = BluenetShared;
		};
		FAB813CE25B9B8FF00F667BC /* PBXContainerItemProxy */ = {
			isa = PBXContainerItemProxy;
			containerPortal = OBJ_1 /* Project object */;
			proxyType = 1;
			remoteGlobalIDString = "BluenetShared::BluenetSharedTests";
			remoteInfo = BluenetSharedTests;
		};
/* End PBXContainerItemProxy section */

/* Begin PBXFileReference section */
		"BluenetShared::BluenetShared::Product" /* BluenetShared.framework */ = {isa = PBXFileReference; lastKnownFileType = wrapper.framework; path = BluenetShared.framework; sourceTree = BUILT_PRODUCTS_DIR; };
		"BluenetShared::BluenetSharedTests::Product" /* BluenetSharedTests.xctest */ = {isa = PBXFileReference; lastKnownFileType = file; path = BluenetSharedTests.xctest; sourceTree = BUILT_PRODUCTS_DIR; };
		OBJ_10 /* Logging.swift */ = {isa = PBXFileReference; lastKnownFileType = sourcecode.swift; path = Logging.swift; sourceTree = "<group>"; };
		OBJ_11 /* protocols.swift */ = {isa = PBXFileReference; lastKnownFileType = sourcecode.swift; path = protocols.swift; sourceTree = "<group>"; };
		OBJ_14 /* XCTestManifests.swift */ = {isa = PBXFileReference; lastKnownFileType = sourcecode.swift; path = XCTestManifests.swift; sourceTree = "<group>"; };
		OBJ_15 /* bluenet_ios_sharedTests.swift */ = {isa = PBXFileReference; lastKnownFileType = sourcecode.swift; path = bluenet_ios_sharedTests.swift; sourceTree = "<group>"; };
		OBJ_19 /* README.md */ = {isa = PBXFileReference; lastKnownFileType = net.daringfireball.markdown; path = README.md; sourceTree = "<group>"; };
		OBJ_20 /* Info.plist */ = {isa = PBXFileReference; lastKnownFileType = text.plist.xml; path = Info.plist; sourceTree = "<group>"; };
		OBJ_6 /* Package.swift */ = {isa = PBXFileReference; explicitFileType = sourcecode.swift; path = Package.swift; sourceTree = "<group>"; };
		OBJ_9 /* BluenetShared.h */ = {isa = PBXFileReference; lastKnownFileType = sourcecode.c.h; path = BluenetShared.h; sourceTree = "<group>"; };
/* End PBXFileReference section */

/* Begin PBXFrameworksBuildPhase section */
		OBJ_28 /* Frameworks */ = {
			isa = PBXFrameworksBuildPhase;
			buildActionMask = 0;
			files = (
			);
			runOnlyForDeploymentPostprocessing = 0;
		};
		OBJ_47 /* Frameworks */ = {
			isa = PBXFrameworksBuildPhase;
			buildActionMask = 0;
			files = (
				OBJ_48 /* BluenetShared.framework in Frameworks */,
			);
			runOnlyForDeploymentPostprocessing = 0;
		};
/* End PBXFrameworksBuildPhase section */

/* Begin PBXGroup section */
		OBJ_12 /* Tests */ = {
			isa = PBXGroup;
			children = (
				OBJ_13 /* BluenetSharedTests */,
			);
			name = Tests;
			sourceTree = SOURCE_ROOT;
		};
		OBJ_13 /* BluenetSharedTests */ = {
			isa = PBXGroup;
			children = (
				OBJ_14 /* XCTestManifests.swift */,
				OBJ_15 /* bluenet_ios_sharedTests.swift */,
			);
			name = BluenetSharedTests;
			path = Tests/BluenetSharedTests;
			sourceTree = SOURCE_ROOT;
		};
		OBJ_16 /* Products */ = {
			isa = PBXGroup;
			children = (
				"BluenetShared::BluenetSharedTests::Product" /* BluenetSharedTests.xctest */,
				"BluenetShared::BluenetShared::Product" /* BluenetShared.framework */,
			);
			name = Products;
			sourceTree = BUILT_PRODUCTS_DIR;
		};
		OBJ_5 /*  */ = {
			isa = PBXGroup;
			children = (
				OBJ_6 /* Package.swift */,
				OBJ_7 /* Sources */,
				OBJ_12 /* Tests */,
				OBJ_16 /* Products */,
				OBJ_19 /* README.md */,
				OBJ_20 /* Info.plist */,
			);
			name = "";
			sourceTree = "<group>";
		};
		OBJ_7 /* Sources */ = {
			isa = PBXGroup;
			children = (
				OBJ_8 /* BluenetShared */,
			);
			name = Sources;
			sourceTree = SOURCE_ROOT;
		};
		OBJ_8 /* BluenetShared */ = {
			isa = PBXGroup;
			children = (
				OBJ_9 /* BluenetShared.h */,
				OBJ_10 /* Logging.swift */,
				OBJ_11 /* protocols.swift */,
			);
			name = BluenetShared;
			path = Sources/BluenetShared;
			sourceTree = SOURCE_ROOT;
		};
/* End PBXGroup section */

/* Begin PBXNativeTarget section */
		"BluenetShared::BluenetShared" /* BluenetShared */ = {
			isa = PBXNativeTarget;
			buildConfigurationList = OBJ_22 /* Build configuration list for PBXNativeTarget "BluenetShared" */;
			buildPhases = (
				OBJ_25 /* Sources */,
				OBJ_28 /* Frameworks */,
			);
			buildRules = (
			);
			dependencies = (
			);
			name = BluenetShared;
			productName = BluenetShared;
			productReference = "BluenetShared::BluenetShared::Product" /* BluenetShared.framework */;
			productType = "com.apple.product-type.framework";
		};
		"BluenetShared::BluenetSharedTests" /* BluenetSharedTests */ = {
			isa = PBXNativeTarget;
			buildConfigurationList = OBJ_41 /* Build configuration list for PBXNativeTarget "BluenetSharedTests" */;
			buildPhases = (
				OBJ_44 /* Sources */,
				OBJ_47 /* Frameworks */,
			);
			buildRules = (
			);
			dependencies = (
				OBJ_49 /* PBXTargetDependency */,
			);
			name = BluenetSharedTests;
			productName = BluenetSharedTests;
			productReference = "BluenetShared::BluenetSharedTests::Product" /* BluenetSharedTests.xctest */;
			productType = "com.apple.product-type.bundle.unit-test";
		};
		"BluenetShared::SwiftPMPackageDescription" /* BluenetSharedPackageDescription */ = {
			isa = PBXNativeTarget;
			buildConfigurationList = OBJ_30 /* Build configuration list for PBXNativeTarget "BluenetSharedPackageDescription" */;
			buildPhases = (
				OBJ_33 /* Sources */,
			);
			buildRules = (
			);
			dependencies = (
			);
			name = BluenetSharedPackageDescription;
			productName = BluenetSharedPackageDescription;
			productType = "com.apple.product-type.framework";
		};
/* End PBXNativeTarget section */

/* Begin PBXProject section */
		OBJ_1 /* Project object */ = {
			isa = PBXProject;
			attributes = {
				LastSwiftMigration = 9999;
				LastUpgradeCheck = 9999;
			};
			buildConfigurationList = OBJ_2 /* Build configuration list for PBXProject "BluenetShared" */;
			compatibilityVersion = "Xcode 3.2";
			developmentRegion = en;
			hasScannedForEncodings = 0;
			knownRegions = (
				en,
			);
			mainGroup = OBJ_5 /*  */;
			productRefGroup = OBJ_16 /* Products */;
			projectDirPath = "";
			projectRoot = "";
			targets = (
				"BluenetShared::BluenetShared" /* BluenetShared */,
				"BluenetShared::SwiftPMPackageDescription" /* BluenetSharedPackageDescription */,
				"BluenetShared::BluenetSharedPackageTests::ProductTarget" /* BluenetSharedPackageTests */,
				"BluenetShared::BluenetSharedTests" /* BluenetSharedTests */,
			);
		};
/* End PBXProject section */

/* Begin PBXSourcesBuildPhase section */
		OBJ_25 /* Sources */ = {
			isa = PBXSourcesBuildPhase;
			buildActionMask = 0;
			files = (
				OBJ_26 /* Logging.swift in Sources */,
				OBJ_27 /* protocols.swift in Sources */,
			);
			runOnlyForDeploymentPostprocessing = 0;
		};
		OBJ_33 /* Sources */ = {
			isa = PBXSourcesBuildPhase;
			buildActionMask = 0;
			files = (
				OBJ_34 /* Package.swift in Sources */,
			);
			runOnlyForDeploymentPostprocessing = 0;
		};
		OBJ_44 /* Sources */ = {
			isa = PBXSourcesBuildPhase;
			buildActionMask = 0;
			files = (
				OBJ_45 /* XCTestManifests.swift in Sources */,
				OBJ_46 /* bluenet_ios_sharedTests.swift in Sources */,
			);
			runOnlyForDeploymentPostprocessing = 0;
		};
/* End PBXSourcesBuildPhase section */

/* Begin PBXTargetDependency section */
		OBJ_39 /* PBXTargetDependency */ = {
			isa = PBXTargetDependency;
			target = "BluenetShared::BluenetSharedTests" /* BluenetSharedTests */;
			targetProxy = FAB813CE25B9B8FF00F667BC /* PBXContainerItemProxy */;
		};
		OBJ_49 /* PBXTargetDependency */ = {
			isa = PBXTargetDependency;
			target = "BluenetShared::BluenetShared" /* BluenetShared */;
			targetProxy = FAB813CB25B9B8FD00F667BC /* PBXContainerItemProxy */;
		};
/* End PBXTargetDependency section */

/* Begin XCBuildConfiguration section */
		OBJ_23 /* Debug */ = {
			isa = XCBuildConfiguration;
			buildSettings = {
				ENABLE_TESTABILITY = YES;
				FRAMEWORK_SEARCH_PATHS = (
					"$(inherited)",
					"$(PLATFORM_DIR)/Developer/Library/Frameworks",
				);
				HEADER_SEARCH_PATHS = "$(inherited)";
				INFOPLIST_FILE = BluenetShared.xcodeproj/BluenetShared_Info.plist;
				IPHONEOS_DEPLOYMENT_TARGET = 9.0;
				LD_RUNPATH_SEARCH_PATHS = "$(inherited) $(TOOLCHAIN_DIR)/usr/lib/swift/macosx";
				MACOSX_DEPLOYMENT_TARGET = 10.10;
				OTHER_CFLAGS = "$(inherited)";
				OTHER_LDFLAGS = "$(inherited)";
				OTHER_SWIFT_FLAGS = "$(inherited)";
				PRODUCT_BUNDLE_IDENTIFIER = BluenetShared;
				PRODUCT_MODULE_NAME = "$(TARGET_NAME:c99extidentifier)";
				PRODUCT_NAME = "$(TARGET_NAME:c99extidentifier)";
				SKIP_INSTALL = YES;
				SWIFT_ACTIVE_COMPILATION_CONDITIONS = "$(inherited)";
				SWIFT_VERSION = 5.0;
				TARGET_NAME = BluenetShared;
				TVOS_DEPLOYMENT_TARGET = 9.0;
				WATCHOS_DEPLOYMENT_TARGET = 2.0;
			};
			name = Debug;
		};
		OBJ_24 /* Release */ = {
			isa = XCBuildConfiguration;
			buildSettings = {
				ENABLE_TESTABILITY = YES;
				FRAMEWORK_SEARCH_PATHS = (
					"$(inherited)",
					"$(PLATFORM_DIR)/Developer/Library/Frameworks",
				);
				HEADER_SEARCH_PATHS = "$(inherited)";
				INFOPLIST_FILE = BluenetShared.xcodeproj/BluenetShared_Info.plist;
				IPHONEOS_DEPLOYMENT_TARGET = 9.0;
				LD_RUNPATH_SEARCH_PATHS = "$(inherited) $(TOOLCHAIN_DIR)/usr/lib/swift/macosx";
				MACOSX_DEPLOYMENT_TARGET = 10.10;
				OTHER_CFLAGS = "$(inherited)";
				OTHER_LDFLAGS = "$(inherited)";
				OTHER_SWIFT_FLAGS = "$(inherited)";
				PRODUCT_BUNDLE_IDENTIFIER = BluenetShared;
				PRODUCT_MODULE_NAME = "$(TARGET_NAME:c99extidentifier)";
				PRODUCT_NAME = "$(TARGET_NAME:c99extidentifier)";
				SKIP_INSTALL = YES;
				SWIFT_ACTIVE_COMPILATION_CONDITIONS = "$(inherited)";
				SWIFT_VERSION = 5.0;
				TARGET_NAME = BluenetShared;
				TVOS_DEPLOYMENT_TARGET = 9.0;
				WATCHOS_DEPLOYMENT_TARGET = 2.0;
			};
			name = Release;
		};
		OBJ_3 /* Debug */ = {
			isa = XCBuildConfiguration;
			buildSettings = {
				CLANG_ENABLE_OBJC_ARC = YES;
				COMBINE_HIDPI_IMAGES = YES;
				COPY_PHASE_STRIP = NO;
				DEBUG_INFORMATION_FORMAT = dwarf;
				DYLIB_INSTALL_NAME_BASE = "@rpath";
				ENABLE_NS_ASSERTIONS = YES;
				GCC_OPTIMIZATION_LEVEL = 0;
				GCC_PREPROCESSOR_DEFINITIONS = (
					"$(inherited)",
					"SWIFT_PACKAGE=1",
					"DEBUG=1",
				);
				MACOSX_DEPLOYMENT_TARGET = 10.10;
				ONLY_ACTIVE_ARCH = YES;
				OTHER_SWIFT_FLAGS = "$(inherited) -DXcode";
				PRODUCT_NAME = "$(TARGET_NAME)";
				SDKROOT = macosx;
				SUPPORTED_PLATFORMS = "macosx iphoneos iphonesimulator appletvos appletvsimulator watchos watchsimulator";
				SWIFT_ACTIVE_COMPILATION_CONDITIONS = "$(inherited) SWIFT_PACKAGE DEBUG";
				SWIFT_OPTIMIZATION_LEVEL = "-Onone";
				USE_HEADERMAP = NO;
			};
			name = Debug;
		};
		OBJ_31 /* Debug */ = {
			isa = XCBuildConfiguration;
			buildSettings = {
				INFOPLIST_FILE = "$(SRCROOT)/Info.plist";
				LD = /usr/bin/true;
				OTHER_SWIFT_FLAGS = "-swift-version 5 -I $(TOOLCHAIN_DIR)/usr/lib/swift/pm/4_2 -sdk /Applications/Xcode.app/Contents/Developer/Platforms/MacOSX.platform/Developer/SDKs/MacOSX11.1.sdk -package-description-version 5.3.0";
				SWIFT_VERSION = 5.0;
			};
			name = Debug;
		};
		OBJ_32 /* Release */ = {
			isa = XCBuildConfiguration;
			buildSettings = {
				INFOPLIST_FILE = "$(SRCROOT)/Info.plist";
				LD = /usr/bin/true;
				OTHER_SWIFT_FLAGS = "-swift-version 5 -I $(TOOLCHAIN_DIR)/usr/lib/swift/pm/4_2 -sdk /Applications/Xcode.app/Contents/Developer/Platforms/MacOSX.platform/Developer/SDKs/MacOSX11.1.sdk -package-description-version 5.3.0";
				SWIFT_VERSION = 5.0;
			};
			name = Release;
		};
		OBJ_37 /* Debug */ = {
			isa = XCBuildConfiguration;
			buildSettings = {
			};
			name = Debug;
		};
		OBJ_38 /* Release */ = {
			isa = XCBuildConfiguration;
			buildSettings = {
			};
			name = Release;
		};
		OBJ_4 /* Release */ = {
			isa = XCBuildConfiguration;
			buildSettings = {
				CLANG_ENABLE_OBJC_ARC = YES;
				COMBINE_HIDPI_IMAGES = YES;
				COPY_PHASE_STRIP = YES;
				DEBUG_INFORMATION_FORMAT = "dwarf-with-dsym";
				DYLIB_INSTALL_NAME_BASE = "@rpath";
				GCC_OPTIMIZATION_LEVEL = s;
				GCC_PREPROCESSOR_DEFINITIONS = (
					"$(inherited)",
					"SWIFT_PACKAGE=1",
				);
				MACOSX_DEPLOYMENT_TARGET = 10.10;
				OTHER_SWIFT_FLAGS = "$(inherited) -DXcode";
				PRODUCT_NAME = "$(TARGET_NAME)";
				SDKROOT = macosx;
				SUPPORTED_PLATFORMS = "macosx iphoneos iphonesimulator appletvos appletvsimulator watchos watchsimulator";
				SWIFT_ACTIVE_COMPILATION_CONDITIONS = "$(inherited) SWIFT_PACKAGE";
				SWIFT_OPTIMIZATION_LEVEL = "-Owholemodule";
				USE_HEADERMAP = NO;
			};
			name = Release;
		};
		OBJ_42 /* Debug */ = {
			isa = XCBuildConfiguration;
			buildSettings = {
				CLANG_ENABLE_MODULES = YES;
				EMBEDDED_CONTENT_CONTAINS_SWIFT = YES;
				FRAMEWORK_SEARCH_PATHS = (
					"$(inherited)",
					"$(PLATFORM_DIR)/Developer/Library/Frameworks",
				);
				HEADER_SEARCH_PATHS = "$(inherited)";
				INFOPLIST_FILE = BluenetShared.xcodeproj/BluenetSharedTests_Info.plist;
				IPHONEOS_DEPLOYMENT_TARGET = 14.0;
				LD_RUNPATH_SEARCH_PATHS = "$(inherited) @loader_path/../Frameworks @loader_path/Frameworks";
				MACOSX_DEPLOYMENT_TARGET = 10.15;
				OTHER_CFLAGS = "$(inherited)";
				OTHER_LDFLAGS = "$(inherited)";
				OTHER_SWIFT_FLAGS = "$(inherited)";
				SWIFT_ACTIVE_COMPILATION_CONDITIONS = "$(inherited)";
				SWIFT_VERSION = 5.0;
				TARGET_NAME = BluenetSharedTests;
				TVOS_DEPLOYMENT_TARGET = 9.0;
				WATCHOS_DEPLOYMENT_TARGET = 2.0;
			};
			name = Debug;
		};
		OBJ_43 /* Release */ = {
			isa = XCBuildConfiguration;
			buildSettings = {
				CLANG_ENABLE_MODULES = YES;
				EMBEDDED_CONTENT_CONTAINS_SWIFT = YES;
				FRAMEWORK_SEARCH_PATHS = (
					"$(inherited)",
					"$(PLATFORM_DIR)/Developer/Library/Frameworks",
				);
				HEADER_SEARCH_PATHS = "$(inherited)";
				INFOPLIST_FILE = BluenetShared.xcodeproj/BluenetSharedTests_Info.plist;
				IPHONEOS_DEPLOYMENT_TARGET = 14.0;
				LD_RUNPATH_SEARCH_PATHS = "$(inherited) @loader_path/../Frameworks @loader_path/Frameworks";
				MACOSX_DEPLOYMENT_TARGET = 10.15;
				OTHER_CFLAGS = "$(inherited)";
				OTHER_LDFLAGS = "$(inherited)";
				OTHER_SWIFT_FLAGS = "$(inherited)";
				SWIFT_ACTIVE_COMPILATION_CONDITIONS = "$(inherited)";
				SWIFT_VERSION = 5.0;
				TARGET_NAME = BluenetSharedTests;
				TVOS_DEPLOYMENT_TARGET = 9.0;
				WATCHOS_DEPLOYMENT_TARGET = 2.0;
			};
			name = Release;
		};
/* End XCBuildConfiguration section */

/* Begin XCConfigurationList section */
		OBJ_2 /* Build configuration list for PBXProject "BluenetShared" */ = {
			isa = XCConfigurationList;
			buildConfigurations = (
				OBJ_3 /* Debug */,
				OBJ_4 /* Release */,
			);
			defaultConfigurationIsVisible = 0;
			defaultConfigurationName = Release;
		};
		OBJ_22 /* Build configuration list for PBXNativeTarget "BluenetShared" */ = {
			isa = XCConfigurationList;
			buildConfigurations = (
				OBJ_23 /* Debug */,
				OBJ_24 /* Release */,
			);
			defaultConfigurationIsVisible = 0;
			defaultConfigurationName = Release;
		};
		OBJ_30 /* Build configuration list for PBXNativeTarget "BluenetSharedPackageDescription" */ = {
			isa = XCConfigurationList;
			buildConfigurations = (
				OBJ_31 /* Debug */,
				OBJ_32 /* Release */,
			);
			defaultConfigurationIsVisible = 0;
			defaultConfigurationName = Release;
		};
		OBJ_36 /* Build configuration list for PBXAggregateTarget "BluenetSharedPackageTests" */ = {
			isa = XCConfigurationList;
			buildConfigurations = (
				OBJ_37 /* Debug */,
				OBJ_38 /* Release */,
			);
			defaultConfigurationIsVisible = 0;
			defaultConfigurationName = Release;
		};
		OBJ_41 /* Build configuration list for PBXNativeTarget "BluenetSharedTests" */ = {
			isa = XCConfigurationList;
			buildConfigurations = (
				OBJ_42 /* Debug */,
				OBJ_43 /* Release */,
			);
			defaultConfigurationIsVisible = 0;
			defaultConfigurationName = Release;
		};
/* End XCConfigurationList section */
	};
	rootObject = OBJ_1 /* Project object */;
}
